{
  "name": "inventory-app",
  "lockfileVersion": 3,
  "requires": true,
  "packages": {
    "": {
      "dependencies": {
        "express-router": "^0.0.1"
      }
    },
    "node_modules/express-router": {
      "version": "0.0.1",
      "resolved": "https://registry.npmjs.org/express-router/-/express-router-0.0.1.tgz",
      "integrity": "sha512-6d8DAAUkhihgVQAOqo3lef+B/c9Q42mxKtt6O92fPmHotnv2TQvNClM+bUtTzX8q+V1v5YDyfFdZYTi3lMK/Vg==",
      "engines": {
        "node": "*"
      }
    }
  }
}
